{
  "nodes": {
    "nixos-hardware": {
      "locked": {
        "lastModified": 1736283893,
        "narHash": "sha256-BG1FfTexFwNty5VhYjaQLMR6CMPfI3QRcaZrFQYu2EM=",
        "owner": "nixos",
        "repo": "nixos-hardware",
        "rev": "4f339f6be2b61662f957c2ee9eda0fa597d8a6d6",
        "type": "github"
      },
      "original": {
        "owner": "nixos",
        "ref": "master",
        "repo": "nixos-hardware",
        "type": "github"
      }
    },
    "nixpkgs": {
      "locked": {
        "lastModified": 1736200483,
        "narHash": "sha256-JO+lFN2HsCwSLMUWXHeOad6QUxOuwe9UOAF/iSl1J4I=",
        "owner": "nixos",
        "repo": "nixpkgs",
        "rev": "3f0a8ac25fb674611b98089ca3a5dd6480175751",
        "type": "github"
      },
      "original": {
        "owner": "nixos",
        "ref": "nixos-24.11",
        "repo": "nixpkgs",
        "type": "github"
      }
    },
    "root": {
      "inputs": {
        "nixos-hardware": "nixos-hardware",
        "nixpkgs": "nixpkgs"
      }
    }
  },
  "root": "root",
  "version": 7
}
