{
  "nodes": {
    "nixos-hardware": {
      "locked": {
        "lastModified": 1764328224,
        "narHash": "sha256-hFyF1XQd+XrRx7WZCrGJp544dykexD8Q5SrJJZpEQYg=",
        "owner": "nixos",
        "repo": "nixos-hardware",
        "rev": "d62603a997438e19182af69d3ce7be07565ecad4",
        "type": "github"
      },
      "original": {
        "owner": "nixos",
        "ref": "master",
        "repo": "nixos-hardware",
        "type": "github"
      }
    },
    "nixpkgs": {
      "locked": {
        "lastModified": 1764494334,
        "narHash": "sha256-x2xCEXUlU4Ap56+t5HaoReOQ/bV/bIQ5rzTn/m+V3HQ=",
        "owner": "nixos",
        "repo": "nixpkgs",
        "rev": "d542db745310b6929708d9abea513f3ff19b1341",
        "type": "github"
      },
      "original": {
        "owner": "nixos",
        "ref": "nixos-25.11",
        "repo": "nixpkgs",
        "type": "github"
      }
    },
    "root": {
      "inputs": {
        "nixos-hardware": "nixos-hardware",
        "nixpkgs": "nixpkgs"
      }
    }
  },
  "root": "root",
  "version": 7
}
